
Microsoft Visual Studio Solution File, Format Version 12.00
# Visual Studio Version 17
VisualStudioVersion = 17.14.36429.23 d17.14
MinimumVisualStudioVersion = 10.0.40219.1
Project("{888888A0-9F3D-457C-B088-3A5042F75D52}") = "open_cv_gorsel", "open_cv_gorsel\open_cv_gorsel.pyproj", "{C84E45F0-9D94-46A6-9B66-C8BD4DCC67B8}"
EndProject
Global
	GlobalSection(SolutionConfigurationPlatforms) = preSolution
		Debug|Any CPU = Debug|Any CPU
		Release|Any CPU = Release|Any CPU
	EndGlobalSection
	GlobalSection(ProjectConfigurationPlatforms) = postSolution
		{C84E45F0-9D94-46A6-9B66-C8BD4DCC67B8}.Debug|Any CPU.ActiveCfg = Debug|Any CPU
		{C84E45F0-9D94-46A6-9B66-C8BD4DCC67B8}.Release|Any CPU.ActiveCfg = Release|Any CPU
	EndGlobalSection
	GlobalSection(SolutionProperties) = preSolution
		HideSolutionNode = FALSE
	EndGlobalSection
	GlobalSection(ExtensibilityGlobals) = postSolution
		SolutionGuid = {A5E1649E-FEDB-4B27-8C2A-BBEA035A237D}
	EndGlobalSection
EndGlobal
